
Microsoft Visual Studio Solution File, Format Version 12.00
Project("{FAE04EC0-301F-11D3-BF4B-00C04F79EFBC}") = "Yetzee", "Yetzee\Yetzee.csproj", "{047ACA40-CFED-413E-B06C-DB1B355BDD58}"
EndProject
Project("{FAE04EC0-301F-11D3-BF4B-00C04F79EFBC}") = "Yetzee.Tests", "Yetzee.Tests\Yetzee.Tests.csproj", "{7F787A15-DFBB-49FE-92D6-087031A357A6}"
EndProject
Global
	GlobalSection(SolutionConfigurationPlatforms) = preSolution
		Debug|Any CPU = Debug|Any CPU
		Release|Any CPU = Release|Any CPU
	EndGlobalSection
	GlobalSection(ProjectConfigurationPlatforms) = postSolution
		{047ACA40-CFED-413E-B06C-DB1B355BDD58}.Debug|Any CPU.ActiveCfg = Debug|Any CPU
		{047ACA40-CFED-413E-B06C-DB1B355BDD58}.Debug|Any CPU.Build.0 = Debug|Any CPU
		{047ACA40-CFED-413E-B06C-DB1B355BDD58}.Release|Any CPU.ActiveCfg = Release|Any CPU
		{047ACA40-CFED-413E-B06C-DB1B355BDD58}.Release|Any CPU.Build.0 = Release|Any CPU
		{7F787A15-DFBB-49FE-92D6-087031A357A6}.Debug|Any CPU.ActiveCfg = Debug|Any CPU
		{7F787A15-DFBB-49FE-92D6-087031A357A6}.Debug|Any CPU.Build.0 = Debug|Any CPU
		{7F787A15-DFBB-49FE-92D6-087031A357A6}.Release|Any CPU.ActiveCfg = Release|Any CPU
		{7F787A15-DFBB-49FE-92D6-087031A357A6}.Release|Any CPU.Build.0 = Release|Any CPU
	EndGlobalSection
EndGlobal
